
Microsoft Visual Studio Solution File, Format Version 12.00
# Visual Studio Version 17
VisualStudioVersion = 17.6.33815.320
MinimumVisualStudioVersion = 10.0.40219.1
Project("{888888A0-9F3D-457C-B088-3A5042F75D52}") = "ElectronautsGUI", "ElectronautsGUI.pyproj", "{774282DD-9341-477B-A9B4-61E7C058D8A0}"
EndProject
Global
	GlobalSection(SolutionConfigurationPlatforms) = preSolution
		Debug|Any CPU = Debug|Any CPU
		Release|Any CPU = Release|Any CPU
	EndGlobalSection
	GlobalSection(ProjectConfigurationPlatforms) = postSolution
		{774282DD-9341-477B-A9B4-61E7C058D8A0}.Debug|Any CPU.ActiveCfg = Debug|Any CPU
		{774282DD-9341-477B-A9B4-61E7C058D8A0}.Release|Any CPU.ActiveCfg = Release|Any CPU
	EndGlobalSection
	GlobalSection(SolutionProperties) = preSolution
		HideSolutionNode = FALSE
	EndGlobalSection
	GlobalSection(ExtensibilityGlobals) = postSolution
		SolutionGuid = {F9A8CFC5-419C-4648-9E13-2F640A702948}
	EndGlobalSection
EndGlobal
